
Microsoft Visual Studio Solution File, Format Version 12.00
# Visual Studio 2013
VisualStudioVersion = 12.0.21005.1
MinimumVisualStudioVersion = 10.0.40219.1
Project("{FAE04EC0-301F-11D3-BF4B-00C04F79EFBC}") = "HDL", "HDL\HDL.csproj", "{EC3CDCE1-866D-4963-B6E5-CEF78B317F71}"
EndProject
Project("{FAE04EC0-301F-11D3-BF4B-00C04F79EFBC}") = "HDL.Tests", "HDL.Tests\HDL.Tests.csproj", "{26C3A839-279E-483D-89A8-DD3E2F3F3644}"
EndProject
Global
	GlobalSection(SolutionConfigurationPlatforms) = preSolution
		Debug|Any CPU = Debug|Any CPU
		Release|Any CPU = Release|Any CPU
	EndGlobalSection
	GlobalSection(ProjectConfigurationPlatforms) = postSolution
		{EC3CDCE1-866D-4963-B6E5-CEF78B317F71}.Debug|Any CPU.ActiveCfg = Debug|Any CPU
		{EC3CDCE1-866D-4963-B6E5-CEF78B317F71}.Debug|Any CPU.Build.0 = Debug|Any CPU
		{EC3CDCE1-866D-4963-B6E5-CEF78B317F71}.Release|Any CPU.ActiveCfg = Release|Any CPU
		{EC3CDCE1-866D-4963-B6E5-CEF78B317F71}.Release|Any CPU.Build.0 = Release|Any CPU
		{26C3A839-279E-483D-89A8-DD3E2F3F3644}.Debug|Any CPU.ActiveCfg = Debug|Any CPU
		{26C3A839-279E-483D-89A8-DD3E2F3F3644}.Debug|Any CPU.Build.0 = Debug|Any CPU
		{26C3A839-279E-483D-89A8-DD3E2F3F3644}.Release|Any CPU.ActiveCfg = Release|Any CPU
		{26C3A839-279E-483D-89A8-DD3E2F3F3644}.Release|Any CPU.Build.0 = Release|Any CPU
	EndGlobalSection
	GlobalSection(SolutionProperties) = preSolution
		HideSolutionNode = FALSE
	EndGlobalSection
EndGlobal
