
Microsoft Visual Studio Solution File, Format Version 12.00
# Visual Studio 2013
VisualStudioVersion = 12.0.31101.0
MinimumVisualStudioVersion = 10.0.40219.1
Project("{FAE04EC0-301F-11D3-BF4B-00C04F79EFBC}") = "StudentExample", "StudentExample\StudentExample.csproj", "{2D8BE099-557B-4620-BFC4-3047BFBFBFD5}"
EndProject
Project("{FAE04EC0-301F-11D3-BF4B-00C04F79EFBC}") = "StudentExample.Tests", "StudentExample.Tests\StudentExample.Tests.csproj", "{BE8CFB16-6D6C-41E9-A4B4-FB2717394FFD}"
EndProject
Global
	GlobalSection(SolutionConfigurationPlatforms) = preSolution
		Debug|Any CPU = Debug|Any CPU
		Release|Any CPU = Release|Any CPU
	EndGlobalSection
	GlobalSection(ProjectConfigurationPlatforms) = postSolution
		{2D8BE099-557B-4620-BFC4-3047BFBFBFD5}.Debug|Any CPU.ActiveCfg = Debug|Any CPU
		{2D8BE099-557B-4620-BFC4-3047BFBFBFD5}.Debug|Any CPU.Build.0 = Debug|Any CPU
		{2D8BE099-557B-4620-BFC4-3047BFBFBFD5}.Release|Any CPU.ActiveCfg = Release|Any CPU
		{2D8BE099-557B-4620-BFC4-3047BFBFBFD5}.Release|Any CPU.Build.0 = Release|Any CPU
		{BE8CFB16-6D6C-41E9-A4B4-FB2717394FFD}.Debug|Any CPU.ActiveCfg = Debug|Any CPU
		{BE8CFB16-6D6C-41E9-A4B4-FB2717394FFD}.Debug|Any CPU.Build.0 = Debug|Any CPU
		{BE8CFB16-6D6C-41E9-A4B4-FB2717394FFD}.Release|Any CPU.ActiveCfg = Release|Any CPU
		{BE8CFB16-6D6C-41E9-A4B4-FB2717394FFD}.Release|Any CPU.Build.0 = Release|Any CPU
	EndGlobalSection
	GlobalSection(SolutionProperties) = preSolution
		HideSolutionNode = FALSE
	EndGlobalSection
EndGlobal
